{
  "requires": true,
  "lockfileVersion": 1,
  "dependencies": {
    "@next/env": {
      "version": "12.1.6",
      "resolved": "http://artifactory.carnival.com:80/artifactory/api/npm/npm/@next/env/-/env-12.1.6.tgz",
      "integrity": "sha1-X0SCOngzU1XwDxaHz8Tx2vo+ygg="
    },
    "@next/swc-android-arm-eabi": {
      "version": "12.1.6",
      "resolved": "http://artifactory.carnival.com:80/artifactory/api/npm/npm/@next/swc-android-arm-eabi/-/swc-android-arm-eabi-12.1.6.tgz",
      "integrity": "sha1-eaNTSbmPL4wDirYmGqnNDRIcA/k=",
      "optional": true
    },
    "@next/swc-android-arm64": {
      "version": "12.1.6",
      "resolved": "http://artifactory.carnival.com:80/artifactory/api/npm/npm/@next/swc-android-arm64/-/swc-android-arm64-12.1.6.tgz",
      "integrity": "sha1-7AjqYXlPh1LI68rL7QqvxblAdFY=",
      "optional": true
    },
    "@next/swc-darwin-arm64": {
      "version": "12.1.6",
      "resolved": "http://artifactory.carnival.com:80/artifactory/api/npm/npm/@next/swc-darwin-arm64/-/swc-darwin-arm64-12.1.6.tgz",
      "integrity": "sha1-0QU4BWFf0HBumxZniTpyJxzYcRk=",
      "optional": true
    },
    "@next/swc-darwin-x64": {
      "version": "12.1.6",
      "resolved": "http://artifactory.carnival.com:80/artifactory/api/npm/npm/@next/swc-darwin-x64/-/swc-darwin-x64-12.1.6.tgz",
      "integrity": "sha1-LRuSaiL0xSMNWzEfnFbP3MQGr+w=",
      "optional": true
    },
    "@next/swc-linux-arm-gnueabihf": {
      "version": "12.1.6",
      "resolved": "http://artifactory.carnival.com:80/artifactory/api/npm/npm/@next/swc-linux-arm-gnueabihf/-/swc-linux-arm-gnueabihf-12.1.6.tgz",
      "integrity": "sha1-wCGRjSqUoX+CMQal4GkzW4oZck8=",
      "optional": true
    },
    "@next/swc-linux-arm64-gnu": {
      "version": "12.1.6",
      "resolved": "http://artifactory.carnival.com:80/artifactory/api/npm/npm/@next/swc-linux-arm64-gnu/-/swc-linux-arm64-gnu-12.1.6.tgz",
      "integrity": "sha1-rFXAe/q943jfoM4rj8HDsol+ga4=",
      "optional": true
    },
    "@next/swc-linux-arm64-musl": {
      "version": "12.1.6",
      "resolved": "http://artifactory.carnival.com:80/artifactory/api/npm/npm/@next/swc-linux-arm64-musl/-/swc-linux-arm64-musl-12.1.6.tgz",
      "integrity": "sha1-5Cn4JieYlL6Qlr5r7BPnXj1r1nE=",
      "optional": true
    },
    "@next/swc-linux-x64-gnu": {
      "version": "12.1.6",
      "resolved": "http://artifactory.carnival.com:80/artifactory/api/npm/npm/@next/swc-linux-x64-gnu/-/swc-linux-x64-gnu-12.1.6.tgz",
      "integrity": "sha1-HydsB4Slylmb+jSy/MCzjzpzjgg=",
      "optional": true
    },
    "@next/swc-linux-x64-musl": {
      "version": "12.1.6",
      "resolved": "http://artifactory.carnival.com:80/artifactory/api/npm/npm/@next/swc-linux-x64-musl/-/swc-linux-x64-musl-12.1.6.tgz",
      "integrity": "sha1-HZkz3WujA9z9iirNasfCftQeLuo=",
      "optional": true
    },
    "@next/swc-win32-arm64-msvc": {
      "version": "12.1.6",
      "resolved": "http://artifactory.carnival.com:80/artifactory/api/npm/npm/@next/swc-win32-arm64-msvc/-/swc-win32-arm64-msvc-12.1.6.tgz",
      "integrity": "sha1-LvmDfxLKZSsXg9cuy4YgiQYELwI=",
      "optional": true
    },
    "@next/swc-win32-ia32-msvc": {
      "version": "12.1.6",
      "resolved": "http://artifactory.carnival.com:80/artifactory/api/npm/npm/@next/swc-win32-ia32-msvc/-/swc-win32-ia32-msvc-12.1.6.tgz",
      "integrity": "sha1-dAA9CqHFnfpWyxVIGlxgfLwAJ7k=",
      "optional": true
    },
    "@next/swc-win32-x64-msvc": {
      "version": "12.1.6",
      "resolved": "http://artifactory.carnival.com:80/artifactory/api/npm/npm/@next/swc-win32-x64-msvc/-/swc-win32-x64-msvc-12.1.6.tgz",
      "integrity": "sha1-o1DK9Cl15xl7JLSVuNdk7sfmo24=",
      "optional": true
    },
    "caniuse-lite": {
      "version": "1.0.30001342",
      "resolved": "http://artifactory.carnival.com:80/artifactory/api/npm/npm/caniuse-lite/-/caniuse-lite-1.0.30001342.tgz",
      "integrity": "sha1-hxUrHjuVDR+/AJPiPwC2yOjx2pY="
    },
    "js-tokens": {
      "version": "4.0.0",
      "resolved": "http://artifactory.carnival.com:80/artifactory/api/npm/npm/js-tokens/-/js-tokens-4.0.0.tgz",
      "integrity": "sha1-GSA/tZmR35jjoocFDUZHzerzJJk="
    },
    "loose-envify": {
      "version": "1.4.0",
      "resolved": "http://artifactory.carnival.com:80/artifactory/api/npm/npm/loose-envify/-/loose-envify-1.4.0.tgz",
      "integrity": "sha1-ce5R+nvkyuwaY4OffmgtgTLTDK8=",
      "requires": {
        "js-tokens": "^3.0.0 || ^4.0.0"
      }
    },
    "nanoid": {
      "version": "3.3.4",
      "resolved": "http://artifactory.carnival.com:80/artifactory/api/npm/npm/nanoid/-/nanoid-3.3.4.tgz",
      "integrity": "sha1-cwtn480J4t6s8DwCfIHJ2dvF6Ks="
    },
    "next": {
      "version": "12.1.6",
      "resolved": "http://artifactory.carnival.com:80/artifactory/api/npm/npm/next/-/next-12.1.6.tgz",
      "integrity": "sha1-6yBeZK8ZmGUflvnfRFVtR9i7xTM=",
      "requires": {
        "@next/env": "12.1.6",
        "@next/swc-android-arm-eabi": "12.1.6",
        "@next/swc-android-arm64": "12.1.6",
        "@next/swc-darwin-arm64": "12.1.6",
        "@next/swc-darwin-x64": "12.1.6",
        "@next/swc-linux-arm-gnueabihf": "12.1.6",
        "@next/swc-linux-arm64-gnu": "12.1.6",
        "@next/swc-linux-arm64-musl": "12.1.6",
        "@next/swc-linux-x64-gnu": "12.1.6",
        "@next/swc-linux-x64-musl": "12.1.6",
        "@next/swc-win32-arm64-msvc": "12.1.6",
        "@next/swc-win32-ia32-msvc": "12.1.6",
        "@next/swc-win32-x64-msvc": "12.1.6",
        "caniuse-lite": "^1.0.30001332",
        "postcss": "8.4.5",
        "styled-jsx": "5.0.2"
      }
    },
    "object-assign": {
      "version": "4.1.1",
      "resolved": "http://artifactory.carnival.com:80/artifactory/api/npm/npm/object-assign/-/object-assign-4.1.1.tgz",
      "integrity": "sha1-IQmtx5ZYh8/AXLvUQsrIv7s2CGM="
    },
    "picocolors": {
      "version": "1.0.0",
      "resolved": "http://artifactory.carnival.com:80/artifactory/api/npm/npm/picocolors/-/picocolors-1.0.0.tgz",
      "integrity": "sha1-y1vcdP8/UYkiNur3nWi8RFZKuBw="
    },
    "postcss": {
      "version": "8.4.5",
      "resolved": "http://artifactory.carnival.com:80/artifactory/api/npm/npm/postcss/-/postcss-8.4.5.tgz",
      "integrity": "sha1-uuZldk39TG/MJNwP3356oAzHf5U=",
      "requires": {
        "nanoid": "^3.1.30",
        "picocolors": "^1.0.0",
        "source-map-js": "^1.0.1"
      }
    },
    "react": {
      "version": "17.0.2",
      "resolved": "http://artifactory.carnival.com:80/artifactory/api/npm/npm/react/-/react-17.0.2.tgz",
      "integrity": "sha1-0LXMUW0p6z7uOD91tihkz7aAADc=",
      "requires": {
        "loose-envify": "^1.1.0",
        "object-assign": "^4.1.1"
      }
    },
    "react-dom": {
      "version": "17.0.2",
      "resolved": "http://artifactory.carnival.com:80/artifactory/api/npm/npm/react-dom/-/react-dom-17.0.2.tgz",
      "integrity": "sha1-7P+2hF462Nv83EmPDQqTlzZQLCM=",
      "requires": {
        "loose-envify": "^1.1.0",
        "object-assign": "^4.1.1",
        "scheduler": "^0.20.2"
      }
    },
    "scheduler": {
      "version": "0.20.2",
      "resolved": "http://artifactory.carnival.com:80/artifactory/api/npm/npm/scheduler/-/scheduler-0.20.2.tgz",
      "integrity": "sha1-S67jlDbjSqk7SHS93L8P6Li1DpE=",
      "requires": {
        "loose-envify": "^1.1.0",
        "object-assign": "^4.1.1"
      }
    },
    "source-map-js": {
      "version": "1.0.2",
      "resolved": "http://artifactory.carnival.com:80/artifactory/api/npm/npm/source-map-js/-/source-map-js-1.0.2.tgz",
      "integrity": "sha1-rbw2HZxi3zgBJefxYfccgm8eSQw="
    },
    "styled-jsx": {
      "version": "5.0.2",
      "resolved": "http://artifactory.carnival.com:80/artifactory/api/npm/npm/styled-jsx/-/styled-jsx-5.0.2.tgz",
      "integrity": "sha1-/yMP1ZO3N+nmi2MKaU1GBCVHhyk="
    }
  }
}
